
Microsoft Visual Studio Solution File, Format Version 12.00
# Visual Studio Version 16
VisualStudioVersion = 16.0.31424.327
MinimumVisualStudioVersion = 10.0.40219.1
Project("{8BC9CEB8-8B4A-11D0-8D11-00A0C91BC942}") = "Q3", "Q3\Q3.vcxproj", "{3AED8CA2-0CD7-4EDF-BEA1-3F1BC75415B8}"
EndProject
Global
	GlobalSection(SolutionConfigurationPlatforms) = preSolution
		Debug|x64 = Debug|x64
		Debug|x86 = Debug|x86
		Release|x64 = Release|x64
		Release|x86 = Release|x86
	EndGlobalSection
	GlobalSection(ProjectConfigurationPlatforms) = postSolution
		{3AED8CA2-0CD7-4EDF-BEA1-3F1BC75415B8}.Debug|x64.ActiveCfg = Debug|x64
		{3AED8CA2-0CD7-4EDF-BEA1-3F1BC75415B8}.Debug|x64.Build.0 = Debug|x64
		{3AED8CA2-0CD7-4EDF-BEA1-3F1BC75415B8}.Debug|x86.ActiveCfg = Debug|Win32
		{3AED8CA2-0CD7-4EDF-BEA1-3F1BC75415B8}.Debug|x86.Build.0 = Debug|Win32
		{3AED8CA2-0CD7-4EDF-BEA1-3F1BC75415B8}.Release|x64.ActiveCfg = Release|x64
		{3AED8CA2-0CD7-4EDF-BEA1-3F1BC75415B8}.Release|x64.Build.0 = Release|x64
		{3AED8CA2-0CD7-4EDF-BEA1-3F1BC75415B8}.Release|x86.ActiveCfg = Release|Win32
		{3AED8CA2-0CD7-4EDF-BEA1-3F1BC75415B8}.Release|x86.Build.0 = Release|Win32
	EndGlobalSection
	GlobalSection(SolutionProperties) = preSolution
		HideSolutionNode = FALSE
	EndGlobalSection
	GlobalSection(ExtensibilityGlobals) = postSolution
		SolutionGuid = {811A99C4-AC3A-41FA-B2A6-79F3E8BAB631}
	EndGlobalSection
EndGlobal
